
Microsoft Visual Studio Solution File, Format Version 12.00
# Visual Studio Version 17
VisualStudioVersion = 17.7.34221.43
MinimumVisualStudioVersion = 10.0.40219.1
Project("{9A19103F-16F7-4668-BE54-9A1E7A4F7556}") = "EaseTrail.WebApp", "EaseTrail.WebApp\EaseTrail.WebApp.csproj", "{A9172AAA-9959-4CB6-9F2E-3008454989D0}"
EndProject
Global
	GlobalSection(SolutionConfigurationPlatforms) = preSolution
		Debug|Any CPU = Debug|Any CPU
		Release|Any CPU = Release|Any CPU
	EndGlobalSection
	GlobalSection(ProjectConfigurationPlatforms) = postSolution
		{A9172AAA-9959-4CB6-9F2E-3008454989D0}.Debug|Any CPU.ActiveCfg = Debug|Any CPU
		{A9172AAA-9959-4CB6-9F2E-3008454989D0}.Debug|Any CPU.Build.0 = Debug|Any CPU
		{A9172AAA-9959-4CB6-9F2E-3008454989D0}.Release|Any CPU.ActiveCfg = Release|Any CPU
		{A9172AAA-9959-4CB6-9F2E-3008454989D0}.Release|Any CPU.Build.0 = Release|Any CPU
	EndGlobalSection
	GlobalSection(SolutionProperties) = preSolution
		HideSolutionNode = FALSE
	EndGlobalSection
	GlobalSection(ExtensibilityGlobals) = postSolution
		SolutionGuid = {046E8AA3-1E25-425C-A7A7-3AC9C6CA995E}
	EndGlobalSection
EndGlobal
